
Microsoft Visual Studio Solution File, Format Version 12.00
# Visual Studio Version 16
VisualStudioVersion = 25.0.1703.5
MinimumVisualStudioVersion = 10.0.40219.1
Project("{FAE04EC0-301F-11D3-BF4B-00C04F79EFBC}") = "jdgreen8-521-assignment-2", "jdgreen8-521-assignment-2\jdgreen8-521-assignment-2.csproj", "{30FCE480-8C65-43DF-BF89-BB584225A591}"
EndProject
Global
	GlobalSection(SolutionConfigurationPlatforms) = preSolution
		Debug|Any CPU = Debug|Any CPU
		Release|Any CPU = Release|Any CPU
	EndGlobalSection
	GlobalSection(ProjectConfigurationPlatforms) = postSolution
		{30FCE480-8C65-43DF-BF89-BB584225A591}.Debug|Any CPU.ActiveCfg = Debug|Any CPU
		{30FCE480-8C65-43DF-BF89-BB584225A591}.Debug|Any CPU.Build.0 = Debug|Any CPU
		{30FCE480-8C65-43DF-BF89-BB584225A591}.Release|Any CPU.ActiveCfg = Release|Any CPU
		{30FCE480-8C65-43DF-BF89-BB584225A591}.Release|Any CPU.Build.0 = Release|Any CPU
	EndGlobalSection
	GlobalSection(SolutionProperties) = preSolution
		HideSolutionNode = FALSE
	EndGlobalSection
	GlobalSection(ExtensibilityGlobals) = postSolution
		SolutionGuid = {A008E852-4FE5-42E2-AE43-C70CEEB88280}
	EndGlobalSection
EndGlobal
